// !$*UTF8*$!
{
	archiveVersion = 1;
	classes = {
	};
	objectVersion = 51;
	objects = {

/* Begin PBXBuildFile section */
		9135040BEA4529D2C66C5904 /* Pods_OneSignalNotificationServiceExtension.framework in Frameworks */ = {isa = PBXBuildFile; fileRef = C2D464CDA2E1E7F88B7ABC92 /* Pods_OneSignalNotificationServiceExtension.framework */; };
		D70A8DC824AD824800BF57F8 /* NotificationService.swift in Sources */ = {isa = PBXBuildFile; fileRef = D70A8DC724AD824800BF57F8 /* NotificationService.swift */; };
		D70A8DCC24AD824800BF57F8 /* OneSignalNotificationServiceExtension.appex in Embed App Extensions */ = {isa = PBXBuildFile; fileRef = D70A8DC524AD824800BF57F8 /* OneSignalNotificationServiceExtension.appex */; settings = {ATTRIBUTES = (RemoveHeadersOnCopy, ); }; };
		D70B4435243018BF008A7D2E /* Bells.swift in Sources */ = {isa = PBXBuildFile; fileRef = D70B4434243018BF008A7D2E /* Bells.swift */; };
		D70ED5C524AFB90900B9BC8F /* OneSignalService.swift in Sources */ = {isa = PBXBuildFile; fileRef = D70ED5C424AFB90900B9BC8F /* OneSignalService.swift */; };
		D70ED5C724B52C3400B9BC8F /* medium-kesu-short.aiff in Resources */ = {isa = PBXBuildFile; fileRef = D70ED5C624B52C3400B9BC8F /* medium-kesu-short.aiff */; };
		D71A2628246CFFD60061B76B /* CountriesTableViewController.swift in Sources */ = {isa = PBXBuildFile; fileRef = D71A2627246CFFD60061B76B /* CountriesTableViewController.swift */; };
		D73340B32467B0ED002367A3 /* GroupsListVC.swift in Sources */ = {isa = PBXBuildFile; fileRef = D73340B22467B0ED002367A3 /* GroupsListVC.swift */; };
		D73340B52467B214002367A3 /* GroupCell.swift in Sources */ = {isa = PBXBuildFile; fileRef = D73340B42467B214002367A3 /* GroupCell.swift */; };
		D73A4C8C244D208500EE407E /* large-kesu.aiff in Resources */ = {isa = PBXBuildFile; fileRef = D73A4C89244D207C00EE407E /* large-kesu.aiff */; };
		D73A4C8D244D208500EE407E /* small-bell.aiff in Resources */ = {isa = PBXBuildFile; fileRef = D73A4C8A244D208000EE407E /* small-bell.aiff */; };
		D73A4C8E244D208500EE407E /* medium-kesu.aiff in Resources */ = {isa = PBXBuildFile; fileRef = D73A4C8B244D208400EE407E /* medium-kesu.aiff */; };
		D73A4C90244D278200EE407E /* NotificationDelegate.swift in Sources */ = {isa = PBXBuildFile; fileRef = D73A4C8F244D278200EE407E /* NotificationDelegate.swift */; };
		D73A4CB2244E25A400EE407E /* Forms.swift in Sources */ = {isa = PBXBuildFile; fileRef = D73A4CB1244E25A400EE407E /* Forms.swift */; };
		D73A7DFD2443B18700923F02 /* Doan.swift in Sources */ = {isa = PBXBuildFile; fileRef = D73A7DFC2443B18700923F02 /* Doan.swift */; };
		D73A7E0324453F7B00923F02 /* ZenTimer.swift in Sources */ = {isa = PBXBuildFile; fileRef = D73A7E0224453F7A00923F02 /* ZenTimer.swift */; };
		D73A7E05244540C200923F02 /* TimerViewController .swift in Sources */ = {isa = PBXBuildFile; fileRef = D73A7E04244540C200923F02 /* TimerViewController .swift */; };
		D73C54BE2459F7660071DC22 /* DoanStation.swift in Sources */ = {isa = PBXBuildFile; fileRef = D73C54BD2459F7660071DC22 /* DoanStation.swift */; };
		D73C54C02459F7F40071DC22 /* DoanStationInfoVC.swift in Sources */ = {isa = PBXBuildFile; fileRef = D73C54BF2459F7F40071DC22 /* DoanStationInfoVC.swift */; };
		D73C54C22459F8250071DC22 /* InkinPopUpVC.swift in Sources */ = {isa = PBXBuildFile; fileRef = D73C54C12459F8250071DC22 /* InkinPopUpVC.swift */; };
		D75AA57324574CC700BDA7F3 /* Color.xcassets in Resources */ = {isa = PBXBuildFile; fileRef = D75AA57224574CC700BDA7F3 /* Color.xcassets */; };
		D76324722453ED23001F1825 /* han-intro.aiff in Resources */ = {isa = PBXBuildFile; fileRef = D76324712453ED23001F1825 /* han-intro.aiff */; };
		D76324752454AAA5001F1825 /* AmaticSC-Regular.ttf in Resources */ = {isa = PBXBuildFile; fileRef = D76324732454A7AE001F1825 /* AmaticSC-Regular.ttf */; };
		D76324762454AAA8001F1825 /* AmaticSC-Bold.ttf in Resources */ = {isa = PBXBuildFile; fileRef = D76324742454A7C2001F1825 /* AmaticSC-Bold.ttf */; };
		D76324782454C5DF001F1825 /* Stopwatch.swift in Sources */ = {isa = PBXBuildFile; fileRef = D76324772454C5DF001F1825 /* Stopwatch.swift */; };
		D763247A24553F97001F1825 /* hanInfoVC.swift in Sources */ = {isa = PBXBuildFile; fileRef = D763247924553F97001F1825 /* hanInfoVC.swift */; };
		D76DFB17247E202D004C47DD /* membersCell.swift in Sources */ = {isa = PBXBuildFile; fileRef = D76DFB16247E202D004C47DD /* membersCell.swift */; };
		D76DFB1B247E21D7004C47DD /* GroupMembersVC.swift in Sources */ = {isa = PBXBuildFile; fileRef = D76DFB1A247E21D7004C47DD /* GroupMembersVC.swift */; };
		D772594E246F5BA200478B50 /* DemoCell.swift in Sources */ = {isa = PBXBuildFile; fileRef = D772594D246F5BA200478B50 /* DemoCell.swift */; };
		D7725950246F5BBD00478B50 /* TableViewController.swift in Sources */ = {isa = PBXBuildFile; fileRef = D772594F246F5BBD00478B50 /* TableViewController.swift */; };
		D7758AE3247D72B90027266A /* GroupsSortVC.swift in Sources */ = {isa = PBXBuildFile; fileRef = D7758AE2247D72B90027266A /* GroupsSortVC.swift */; };
		D7758AE5247D72F70027266A /* SortGroupsCell.swift in Sources */ = {isa = PBXBuildFile; fileRef = D7758AE4247D72F70027266A /* SortGroupsCell.swift */; };
		D7773C7424383E3F008D4408 /* HanVC.swift in Sources */ = {isa = PBXBuildFile; fileRef = D7773C7324383E3F008D4408 /* HanVC.swift */; };
		D7773C772439837B008D4408 /* UITextField+InputView.swift in Sources */ = {isa = PBXBuildFile; fileRef = D7773C762439837B008D4408 /* UITextField+InputView.swift */; };
		D77F76472474CCEE0002DE54 /* CircleMenu.swift in Sources */ = {isa = PBXBuildFile; fileRef = D77F76462474CCEE0002DE54 /* CircleMenu.swift */; };
		D77F76492474D6900002DE54 /* CircleMenuLoader.swift in Sources */ = {isa = PBXBuildFile; fileRef = D77F76482474D6900002DE54 /* CircleMenuLoader.swift */; };
		D77F764B2474D6B40002DE54 /* CircleMenuButton.swift in Sources */ = {isa = PBXBuildFile; fileRef = D77F764A2474D6B40002DE54 /* CircleMenuButton.swift */; };
		D78586A3245B3A06003BF816 /* GoogleService-Info.plist in Resources */ = {isa = PBXBuildFile; fileRef = D78586A2245B3A06003BF816 /* GoogleService-Info.plist */; };
		D78586AB245CAE30003BF816 /* PopUpVid.mp4 in Resources */ = {isa = PBXBuildFile; fileRef = D78586AA245CAE30003BF816 /* PopUpVid.mp4 */; };
		D78586AD245D1E7C003BF816 /* Bodhi.swift in Sources */ = {isa = PBXBuildFile; fileRef = D78586AC245D1E7C003BF816 /* Bodhi.swift */; };
		D78586AF245D1E8F003BF816 /* Group.swift in Sources */ = {isa = PBXBuildFile; fileRef = D78586AE245D1E8F003BF816 /* Group.swift */; };
		D78586B2245D21D3003BF816 /* DataServices.swift in Sources */ = {isa = PBXBuildFile; fileRef = D78586B1245D21D3003BF816 /* DataServices.swift */; };
		D787F55D245FB22100EF1160 /* ProfileVC.swift in Sources */ = {isa = PBXBuildFile; fileRef = D787F55C245FB22100EF1160 /* ProfileVC.swift */; };
		D78D8FEA2452A2E200F410AF /* han.aiff in Resources */ = {isa = PBXBuildFile; fileRef = D78D8FE92452A2E200F410AF /* han.aiff */; };
		D7937FB3245A317500460C8E /* rolldown.aiff in Resources */ = {isa = PBXBuildFile; fileRef = D7937FB0245A316C00460C8E /* rolldown.aiff */; };
		D7937FB4245A317500460C8E /* stop.aiff in Resources */ = {isa = PBXBuildFile; fileRef = D7937FB1245A317000460C8E /* stop.aiff */; };
		D7937FB7245A379400460C8E /* inkin-bell.aiff in Resources */ = {isa = PBXBuildFile; fileRef = D7937FB6245A379400460C8E /* inkin-bell.aiff */; };
		D7937FBB245A762F00460C8E /* LogInViewController.swift in Sources */ = {isa = PBXBuildFile; fileRef = D7937FBA245A762F00460C8E /* LogInViewController.swift */; };
		D7937FBD245A764A00460C8E /* HomeViewController.swift in Sources */ = {isa = PBXBuildFile; fileRef = D7937FBC245A764A00460C8E /* HomeViewController.swift */; };
		D7937FBF245A8BDD00460C8E /* SignUpViewController.swift in Sources */ = {isa = PBXBuildFile; fileRef = D7937FBE245A8BDD00460C8E /* SignUpViewController.swift */; };
		D7937FC3245A8ED300460C8E /* Utilities.swift in Sources */ = {isa = PBXBuildFile; fileRef = D7937FC1245A8ECF00460C8E /* Utilities.swift */; };
		D7937FC4245A8ED300460C8E /* Constants.swift in Sources */ = {isa = PBXBuildFile; fileRef = D7937FC2245A8ED300460C8E /* Constants.swift */; };
		D7999112231494650041AAD1 /* AppDelegate.swift in Sources */ = {isa = PBXBuildFile; fileRef = D7999111231494650041AAD1 /* AppDelegate.swift */; };
		D7999117231494650041AAD1 /* Main.storyboard in Resources */ = {isa = PBXBuildFile; fileRef = D7999115231494650041AAD1 /* Main.storyboard */; };
		D799911C231494660041AAD1 /* LaunchScreen.storyboard in Resources */ = {isa = PBXBuildFile; fileRef = D799911A231494660041AAD1 /* LaunchScreen.storyboard */; };
		D7A40FC324A05457006C3FEE /* setDoanVC.swift in Sources */ = {isa = PBXBuildFile; fileRef = D7A40FC224A05457006C3FEE /* setDoanVC.swift */; };
		D7B197AB2316ED0300AAE2B0 /* Settings VC.swift in Sources */ = {isa = PBXBuildFile; fileRef = D7B197AA2316ED0300AAE2B0 /* Settings VC.swift */; };
		D7BA55EC23205A07004E0E19 /* Assets.xcassets in Resources */ = {isa = PBXBuildFile; fileRef = D7BA55EB23205A07004E0E19 /* Assets.xcassets */; };
		D7BF95872470F12200EF9DC2 /* ImagePicker.swift in Sources */ = {isa = PBXBuildFile; fileRef = D7BF95862470F12200EF9DC2 /* ImagePicker.swift */; };
		D7C8A66A245A953E00DAE2EC /* ViewController.swift in Sources */ = {isa = PBXBuildFile; fileRef = D7C8A669245A953E00DAE2EC /* ViewController.swift */; };
		D7CDB072241CA7C100FAFE97 /* InstructionsVC.swift in Sources */ = {isa = PBXBuildFile; fileRef = D7CDB071241CA7C100FAFE97 /* InstructionsVC.swift */; };
		D7CDB079241F279B00FAFE97 /* zen_regular.ttf in Resources */ = {isa = PBXBuildFile; fileRef = D7CDB078241F279B00FAFE97 /* zen_regular.ttf */; };
		D7DE18D4246FB24C00E75F8D /* GroupsCreateVC.swift in Sources */ = {isa = PBXBuildFile; fileRef = D7DE18D3246FB24C00E75F8D /* GroupsCreateVC.swift */; };
		D7E6835D248048A700E1FD08 /* Codable+Toys.swift in Sources */ = {isa = PBXBuildFile; fileRef = D7E6835C248048A700E1FD08 /* Codable+Toys.swift */; };
		D7E6835F24804A0100E1FD08 /* FirebaseInterface.swift in Sources */ = {isa = PBXBuildFile; fileRef = D7E6835E24804A0100E1FD08 /* FirebaseInterface.swift */; };
		D7E6DC402446AC63005433C0 /* LocalNotificationManager.swift in Sources */ = {isa = PBXBuildFile; fileRef = D7E6DC3F2446AC63005433C0 /* LocalNotificationManager.swift */; };
		D7F76C4B247DE68100F4D927 /* GroupsEditVC.swift in Sources */ = {isa = PBXBuildFile; fileRef = D7F76C4A247DE68100F4D927 /* GroupsEditVC.swift */; };
		DB49CFDEB0B236AF8D9F673A /* Pods_PopUpZendoTimer.framework in Frameworks */ = {isa = PBXBuildFile; fileRef = 9B5F457A6AE8407CB0C87C48 /* Pods_PopUpZendoTimer.framework */; };
/* End PBXBuildFile section */

/* Begin PBXContainerItemProxy section */
		D70A8DCA24AD824800BF57F8 /* PBXContainerItemProxy */ = {
			isa = PBXContainerItemProxy;
			containerPortal = D7999106231494650041AAD1 /* Project object */;
			proxyType = 1;
			remoteGlobalIDString = D70A8DC424AD824800BF57F8;
			remoteInfo = OneSignalNotificationServiceExtension;
		};
/* End PBXContainerItemProxy section */

/* Begin PBXCopyFilesBuildPhase section */
		D70A8DCD24AD824800BF57F8 /* Embed App Extensions */ = {
			isa = PBXCopyFilesBuildPhase;
			buildActionMask = 2147483647;
			dstPath = "";
			dstSubfolderSpec = 13;
			files = (
				D70A8DCC24AD824800BF57F8 /* OneSignalNotificationServiceExtension.appex in Embed App Extensions */,
			);
			name = "Embed App Extensions";
			runOnlyForDeploymentPostprocessing = 0;
		};
/* End PBXCopyFilesBuildPhase section */

/* Begin PBXFileReference section */
		2BE8EA00F10447D1C8C880EA /* Pods-PopUpZendoTimer.debug.xcconfig */ = {isa = PBXFileReference; includeInIndex = 1; lastKnownFileType = text.xcconfig; name = "Pods-PopUpZendoTimer.debug.xcconfig"; path = "Target Support Files/Pods-PopUpZendoTimer/Pods-PopUpZendoTimer.debug.xcconfig"; sourceTree = "<group>"; };
		3A65003349D13347AC7673F9 /* Pods-OneSignalNotificationServiceExtension.release.xcconfig */ = {isa = PBXFileReference; includeInIndex = 1; lastKnownFileType = text.xcconfig; name = "Pods-OneSignalNotificationServiceExtension.release.xcconfig"; path = "Target Support Files/Pods-OneSignalNotificationServiceExtension/Pods-OneSignalNotificationServiceExtension.release.xcconfig"; sourceTree = "<group>"; };
		6A2F1B373879048D8D09E8A7 /* Pods-OneSignalNotificationServiceExtension.debug.xcconfig */ = {isa = PBXFileReference; includeInIndex = 1; lastKnownFileType = text.xcconfig; name = "Pods-OneSignalNotificationServiceExtension.debug.xcconfig"; path = "Target Support Files/Pods-OneSignalNotificationServiceExtension/Pods-OneSignalNotificationServiceExtension.debug.xcconfig"; sourceTree = "<group>"; };
		82C5B80A061F0F3C3F0EA6A4 /* Pods-PopUpZendoTimer.release.xcconfig */ = {isa = PBXFileReference; includeInIndex = 1; lastKnownFileType = text.xcconfig; name = "Pods-PopUpZendoTimer.release.xcconfig"; path = "Target Support Files/Pods-PopUpZendoTimer/Pods-PopUpZendoTimer.release.xcconfig"; sourceTree = "<group>"; };
		9B5F457A6AE8407CB0C87C48 /* Pods_PopUpZendoTimer.framework */ = {isa = PBXFileReference; explicitFileType = wrapper.framework; includeInIndex = 0; path = Pods_PopUpZendoTimer.framework; sourceTree = BUILT_PRODUCTS_DIR; };
		C2D464CDA2E1E7F88B7ABC92 /* Pods_OneSignalNotificationServiceExtension.framework */ = {isa = PBXFileReference; explicitFileType = wrapper.framework; includeInIndex = 0; path = Pods_OneSignalNotificationServiceExtension.framework; sourceTree = BUILT_PRODUCTS_DIR; };
		D70A8DC524AD824800BF57F8 /* OneSignalNotificationServiceExtension.appex */ = {isa = PBXFileReference; explicitFileType = "wrapper.app-extension"; includeInIndex = 0; path = OneSignalNotificationServiceExtension.appex; sourceTree = BUILT_PRODUCTS_DIR; };
		D70A8DC724AD824800BF57F8 /* NotificationService.swift */ = {isa = PBXFileReference; lastKnownFileType = sourcecode.swift; path = NotificationService.swift; sourceTree = "<group>"; };
		D70A8DC924AD824800BF57F8 /* Info.plist */ = {isa = PBXFileReference; lastKnownFileType = text.plist.xml; path = Info.plist; sourceTree = "<group>"; };
		D70B4434243018BF008A7D2E /* Bells.swift */ = {isa = PBXFileReference; lastKnownFileType = sourcecode.swift; path = Bells.swift; sourceTree = "<group>"; };
		D70ED5C424AFB90900B9BC8F /* OneSignalService.swift */ = {isa = PBXFileReference; lastKnownFileType = sourcecode.swift; path = OneSignalService.swift; sourceTree = "<group>"; };
		D70ED5C624B52C3400B9BC8F /* medium-kesu-short.aiff */ = {isa = PBXFileReference; lastKnownFileType = audio.aiff; path = "medium-kesu-short.aiff"; sourceTree = "<group>"; };
		D71A2627246CFFD60061B76B /* CountriesTableViewController.swift */ = {isa = PBXFileReference; lastKnownFileType = sourcecode.swift; path = CountriesTableViewController.swift; sourceTree = "<group>"; };
		D73340B22467B0ED002367A3 /* GroupsListVC.swift */ = {isa = PBXFileReference; fileEncoding = 4; lastKnownFileType = sourcecode.swift; path = GroupsListVC.swift; sourceTree = "<group>"; };
		D73340B42467B214002367A3 /* GroupCell.swift */ = {isa = PBXFileReference; fileEncoding = 4; lastKnownFileType = sourcecode.swift; path = GroupCell.swift; sourceTree = "<group>"; };
		D73A4C89244D207C00EE407E /* large-kesu.aiff */ = {isa = PBXFileReference; lastKnownFileType = audio.aiff; path = "large-kesu.aiff"; sourceTree = "<group>"; };
		D73A4C8A244D208000EE407E /* small-bell.aiff */ = {isa = PBXFileReference; lastKnownFileType = audio.aiff; path = "small-bell.aiff"; sourceTree = "<group>"; };
		D73A4C8B244D208400EE407E /* medium-kesu.aiff */ = {isa = PBXFileReference; lastKnownFileType = audio.aiff; path = "medium-kesu.aiff"; sourceTree = "<group>"; };
		D73A4C8F244D278200EE407E /* NotificationDelegate.swift */ = {isa = PBXFileReference; lastKnownFileType = sourcecode.swift; path = NotificationDelegate.swift; sourceTree = "<group>"; };
		D73A4CB1244E25A400EE407E /* Forms.swift */ = {isa = PBXFileReference; lastKnownFileType = sourcecode.swift; path = Forms.swift; sourceTree = "<group>"; };
		D73A7DFC2443B18700923F02 /* Doan.swift */ = {isa = PBXFileReference; lastKnownFileType = sourcecode.swift; path = Doan.swift; sourceTree = "<group>"; };
		D73A7E0224453F7A00923F02 /* ZenTimer.swift */ = {isa = PBXFileReference; lastKnownFileType = sourcecode.swift; path = ZenTimer.swift; sourceTree = "<group>"; };
		D73A7E04244540C200923F02 /* TimerViewController .swift */ = {isa = PBXFileReference; fileEncoding = 4; lastKnownFileType = sourcecode.swift; path = "TimerViewController .swift"; sourceTree = "<group>"; };
		D73C54BD2459F7660071DC22 /* DoanStation.swift */ = {isa = PBXFileReference; lastKnownFileType = sourcecode.swift; path = DoanStation.swift; sourceTree = "<group>"; };
		D73C54BF2459F7F40071DC22 /* DoanStationInfoVC.swift */ = {isa = PBXFileReference; lastKnownFileType = sourcecode.swift; path = DoanStationInfoVC.swift; sourceTree = "<group>"; };
		D73C54C12459F8250071DC22 /* InkinPopUpVC.swift */ = {isa = PBXFileReference; lastKnownFileType = sourcecode.swift; path = InkinPopUpVC.swift; sourceTree = "<group>"; };
		D7586EDE24AE4B4A00127532 /* PopUpZendoTimer.entitlements */ = {isa = PBXFileReference; lastKnownFileType = text.plist.entitlements; path = PopUpZendoTimer.entitlements; sourceTree = "<group>"; };
		D7586EDF24AE4CBD00127532 /* OneSignalNotificationServiceExtension.entitlements */ = {isa = PBXFileReference; lastKnownFileType = text.plist.entitlements; path = OneSignalNotificationServiceExtension.entitlements; sourceTree = "<group>"; };
		D75AA57224574CC700BDA7F3 /* Color.xcassets */ = {isa = PBXFileReference; lastKnownFileType = folder.assetcatalog; path = Color.xcassets; sourceTree = "<group>"; };
		D76324712453ED23001F1825 /* han-intro.aiff */ = {isa = PBXFileReference; lastKnownFileType = audio.aiff; path = "han-intro.aiff"; sourceTree = "<group>"; };
		D76324732454A7AE001F1825 /* AmaticSC-Regular.ttf */ = {isa = PBXFileReference; lastKnownFileType = file; path = "AmaticSC-Regular.ttf"; sourceTree = "<group>"; };
		D76324742454A7C2001F1825 /* AmaticSC-Bold.ttf */ = {isa = PBXFileReference; lastKnownFileType = file; path = "AmaticSC-Bold.ttf"; sourceTree = "<group>"; };
		D76324772454C5DF001F1825 /* Stopwatch.swift */ = {isa = PBXFileReference; lastKnownFileType = sourcecode.swift; path = Stopwatch.swift; sourceTree = "<group>"; };
		D763247924553F97001F1825 /* hanInfoVC.swift */ = {isa = PBXFileReference; lastKnownFileType = sourcecode.swift; path = hanInfoVC.swift; sourceTree = "<group>"; };
		D76DFB16247E202D004C47DD /* membersCell.swift */ = {isa = PBXFileReference; lastKnownFileType = sourcecode.swift; path = membersCell.swift; sourceTree = "<group>"; };
		D76DFB1A247E21D7004C47DD /* GroupMembersVC.swift */ = {isa = PBXFileReference; lastKnownFileType = sourcecode.swift; path = GroupMembersVC.swift; sourceTree = "<group>"; };
		D772594D246F5BA200478B50 /* DemoCell.swift */ = {isa = PBXFileReference; fileEncoding = 4; lastKnownFileType = sourcecode.swift; path = DemoCell.swift; sourceTree = "<group>"; };
		D772594F246F5BBD00478B50 /* TableViewController.swift */ = {isa = PBXFileReference; fileEncoding = 4; lastKnownFileType = sourcecode.swift; path = TableViewController.swift; sourceTree = "<group>"; };
		D7758AE2247D72B90027266A /* GroupsSortVC.swift */ = {isa = PBXFileReference; lastKnownFileType = sourcecode.swift; path = GroupsSortVC.swift; sourceTree = "<group>"; };
		D7758AE4247D72F70027266A /* SortGroupsCell.swift */ = {isa = PBXFileReference; lastKnownFileType = sourcecode.swift; path = SortGroupsCell.swift; sourceTree = "<group>"; };
		D7773C7324383E3F008D4408 /* HanVC.swift */ = {isa = PBXFileReference; lastKnownFileType = sourcecode.swift; path = HanVC.swift; sourceTree = "<group>"; };
		D7773C762439837B008D4408 /* UITextField+InputView.swift */ = {isa = PBXFileReference; lastKnownFileType = sourcecode.swift; path = "UITextField+InputView.swift"; sourceTree = "<group>"; };
		D77F76462474CCEE0002DE54 /* CircleMenu.swift */ = {isa = PBXFileReference; lastKnownFileType = sourcecode.swift; path = CircleMenu.swift; sourceTree = "<group>"; };
		D77F76482474D6900002DE54 /* CircleMenuLoader.swift */ = {isa = PBXFileReference; lastKnownFileType = sourcecode.swift; path = CircleMenuLoader.swift; sourceTree = "<group>"; };
		D77F764A2474D6B40002DE54 /* CircleMenuButton.swift */ = {isa = PBXFileReference; lastKnownFileType = sourcecode.swift; path = CircleMenuButton.swift; sourceTree = "<group>"; };
		D78586A2245B3A06003BF816 /* GoogleService-Info.plist */ = {isa = PBXFileReference; fileEncoding = 4; lastKnownFileType = text.plist.xml; path = "GoogleService-Info.plist"; sourceTree = "<group>"; };
		D78586AA245CAE30003BF816 /* PopUpVid.mp4 */ = {isa = PBXFileReference; lastKnownFileType = file; path = PopUpVid.mp4; sourceTree = "<group>"; };
		D78586AC245D1E7C003BF816 /* Bodhi.swift */ = {isa = PBXFileReference; lastKnownFileType = sourcecode.swift; path = Bodhi.swift; sourceTree = "<group>"; };
		D78586AE245D1E8F003BF816 /* Group.swift */ = {isa = PBXFileReference; lastKnownFileType = sourcecode.swift; path = Group.swift; sourceTree = "<group>"; };
		D78586B1245D21D3003BF816 /* DataServices.swift */ = {isa = PBXFileReference; lastKnownFileType = sourcecode.swift; path = DataServices.swift; sourceTree = "<group>"; };
		D787F55C245FB22100EF1160 /* ProfileVC.swift */ = {isa = PBXFileReference; lastKnownFileType = sourcecode.swift; path = ProfileVC.swift; sourceTree = "<group>"; };
		D78D8FE92452A2E200F410AF /* han.aiff */ = {isa = PBXFileReference; lastKnownFileType = audio.aiff; path = han.aiff; sourceTree = "<group>"; };
		D7937FB0245A316C00460C8E /* rolldown.aiff */ = {isa = PBXFileReference; lastKnownFileType = audio.aiff; path = rolldown.aiff; sourceTree = "<group>"; };
		D7937FB1245A317000460C8E /* stop.aiff */ = {isa = PBXFileReference; lastKnownFileType = audio.aiff; path = stop.aiff; sourceTree = "<group>"; };
		D7937FB6245A379400460C8E /* inkin-bell.aiff */ = {isa = PBXFileReference; lastKnownFileType = audio.aiff; path = "inkin-bell.aiff"; sourceTree = "<group>"; };
		D7937FBA245A762F00460C8E /* LogInViewController.swift */ = {isa = PBXFileReference; lastKnownFileType = sourcecode.swift; path = LogInViewController.swift; sourceTree = "<group>"; };
		D7937FBC245A764A00460C8E /* HomeViewController.swift */ = {isa = PBXFileReference; lastKnownFileType = sourcecode.swift; path = HomeViewController.swift; sourceTree = "<group>"; };
		D7937FBE245A8BDD00460C8E /* SignUpViewController.swift */ = {isa = PBXFileReference; lastKnownFileType = sourcecode.swift; path = SignUpViewController.swift; sourceTree = "<group>"; };
		D7937FC1245A8ECF00460C8E /* Utilities.swift */ = {isa = PBXFileReference; fileEncoding = 4; lastKnownFileType = sourcecode.swift; path = Utilities.swift; sourceTree = "<group>"; };
		D7937FC2245A8ED300460C8E /* Constants.swift */ = {isa = PBXFileReference; fileEncoding = 4; lastKnownFileType = sourcecode.swift; path = Constants.swift; sourceTree = "<group>"; };
		D799910E231494650041AAD1 /* PopUpZendoTimer.app */ = {isa = PBXFileReference; explicitFileType = wrapper.application; includeInIndex = 0; path = PopUpZendoTimer.app; sourceTree = BUILT_PRODUCTS_DIR; };
		D7999111231494650041AAD1 /* AppDelegate.swift */ = {isa = PBXFileReference; lastKnownFileType = sourcecode.swift; path = AppDelegate.swift; sourceTree = "<group>"; };
		D7999116231494650041AAD1 /* Base */ = {isa = PBXFileReference; lastKnownFileType = file.storyboard; name = Base; path = Base.lproj/Main.storyboard; sourceTree = "<group>"; };
		D799911B231494660041AAD1 /* Base */ = {isa = PBXFileReference; lastKnownFileType = file.storyboard; name = Base; path = Base.lproj/LaunchScreen.storyboard; sourceTree = "<group>"; };
		D799911D231494660041AAD1 /* Info.plist */ = {isa = PBXFileReference; lastKnownFileType = text.plist.xml; path = Info.plist; sourceTree = "<group>"; };
		D7A40FC224A05457006C3FEE /* setDoanVC.swift */ = {isa = PBXFileReference; lastKnownFileType = sourcecode.swift; path = setDoanVC.swift; sourceTree = "<group>"; };
		D7B197AA2316ED0300AAE2B0 /* Settings VC.swift */ = {isa = PBXFileReference; lastKnownFileType = sourcecode.swift; path = "Settings VC.swift"; sourceTree = "<group>"; };
		D7BA55EB23205A07004E0E19 /* Assets.xcassets */ = {isa = PBXFileReference; lastKnownFileType = folder.assetcatalog; path = Assets.xcassets; sourceTree = "<group>"; };
		D7BF95862470F12200EF9DC2 /* ImagePicker.swift */ = {isa = PBXFileReference; lastKnownFileType = sourcecode.swift; path = ImagePicker.swift; sourceTree = "<group>"; };
		D7C8A669245A953E00DAE2EC /* ViewController.swift */ = {isa = PBXFileReference; lastKnownFileType = sourcecode.swift; path = ViewController.swift; sourceTree = "<group>"; };
		D7CDB071241CA7C100FAFE97 /* InstructionsVC.swift */ = {isa = PBXFileReference; lastKnownFileType = sourcecode.swift; path = InstructionsVC.swift; sourceTree = "<group>"; };
		D7CDB078241F279B00FAFE97 /* zen_regular.ttf */ = {isa = PBXFileReference; lastKnownFileType = file; path = zen_regular.ttf; sourceTree = "<group>"; };
		D7DE18D3246FB24C00E75F8D /* GroupsCreateVC.swift */ = {isa = PBXFileReference; lastKnownFileType = sourcecode.swift; path = GroupsCreateVC.swift; sourceTree = "<group>"; };
		D7E6835C248048A700E1FD08 /* Codable+Toys.swift */ = {isa = PBXFileReference; lastKnownFileType = sourcecode.swift; path = "Codable+Toys.swift"; sourceTree = "<group>"; };
		D7E6835E24804A0100E1FD08 /* FirebaseInterface.swift */ = {isa = PBXFileReference; lastKnownFileType = sourcecode.swift; path = FirebaseInterface.swift; sourceTree = "<group>"; };
		D7E6DC3F2446AC63005433C0 /* LocalNotificationManager.swift */ = {isa = PBXFileReference; lastKnownFileType = sourcecode.swift; path = LocalNotificationManager.swift; sourceTree = "<group>"; };
		D7F76C4A247DE68100F4D927 /* GroupsEditVC.swift */ = {isa = PBXFileReference; lastKnownFileType = sourcecode.swift; path = GroupsEditVC.swift; sourceTree = "<group>"; };
/* End PBXFileReference section */

/* Begin PBXFrameworksBuildPhase section */
		D70A8DC224AD824800BF57F8 /* Frameworks */ = {
			isa = PBXFrameworksBuildPhase;
			buildActionMask = 2147483647;
			files = (
				9135040BEA4529D2C66C5904 /* Pods_OneSignalNotificationServiceExtension.framework in Frameworks */,
			);
			runOnlyForDeploymentPostprocessing = 0;
		};
		D799910B231494650041AAD1 /* Frameworks */ = {
			isa = PBXFrameworksBuildPhase;
			buildActionMask = 2147483647;
			files = (
				DB49CFDEB0B236AF8D9F673A /* Pods_PopUpZendoTimer.framework in Frameworks */,
			);
			runOnlyForDeploymentPostprocessing = 0;
		};
/* End PBXFrameworksBuildPhase section */

/* Begin PBXGroup section */
		0237736CAE59F7476C0D4853 /* Frameworks */ = {
			isa = PBXGroup;
			children = (
				9B5F457A6AE8407CB0C87C48 /* Pods_PopUpZendoTimer.framework */,
				C2D464CDA2E1E7F88B7ABC92 /* Pods_OneSignalNotificationServiceExtension.framework */,
			);
			name = Frameworks;
			sourceTree = "<group>";
		};
		1B7CF1CB038D25415E650CC2 /* Pods */ = {
			isa = PBXGroup;
			children = (
				2BE8EA00F10447D1C8C880EA /* Pods-PopUpZendoTimer.debug.xcconfig */,
				82C5B80A061F0F3C3F0EA6A4 /* Pods-PopUpZendoTimer.release.xcconfig */,
				6A2F1B373879048D8D09E8A7 /* Pods-OneSignalNotificationServiceExtension.debug.xcconfig */,
				3A65003349D13347AC7673F9 /* Pods-OneSignalNotificationServiceExtension.release.xcconfig */,
			);
			path = Pods;
			sourceTree = "<group>";
		};
		D70A8DC624AD824800BF57F8 /* OneSignalNotificationServiceExtension */ = {
			isa = PBXGroup;
			children = (
				D7586EDF24AE4CBD00127532 /* OneSignalNotificationServiceExtension.entitlements */,
				D70A8DC724AD824800BF57F8 /* NotificationService.swift */,
				D70A8DC924AD824800BF57F8 /* Info.plist */,
			);
			path = OneSignalNotificationServiceExtension;
			sourceTree = "<group>";
		};
		D70B4428242FF0BB008A7D2E /* Audio */ = {
			isa = PBXGroup;
			children = (
				D70ED5C624B52C3400B9BC8F /* medium-kesu-short.aiff */,
				D76324712453ED23001F1825 /* han-intro.aiff */,
				D78D8FE92452A2E200F410AF /* han.aiff */,
				D7937FB6245A379400460C8E /* inkin-bell.aiff */,
				D7937FB0245A316C00460C8E /* rolldown.aiff */,
				D7937FB1245A317000460C8E /* stop.aiff */,
				D73A4C89244D207C00EE407E /* large-kesu.aiff */,
				D73A4C8B244D208400EE407E /* medium-kesu.aiff */,
				D73A4C8A244D208000EE407E /* small-bell.aiff */,
			);
			path = Audio;
			sourceTree = "<group>";
		};
		D70B4433243018A0008A7D2E /* Model */ = {
			isa = PBXGroup;
			children = (
				D70B4434243018BF008A7D2E /* Bells.swift */,
				D7E6DC3F2446AC63005433C0 /* LocalNotificationManager.swift */,
				D73A4C8F244D278200EE407E /* NotificationDelegate.swift */,
				D73A4CB1244E25A400EE407E /* Forms.swift */,
				D78586AC245D1E7C003BF816 /* Bodhi.swift */,
				D78586AE245D1E8F003BF816 /* Group.swift */,
				D7E6835E24804A0100E1FD08 /* FirebaseInterface.swift */,
				D7E6835C248048A700E1FD08 /* Codable+Toys.swift */,
			);
			path = Model;
			sourceTree = "<group>";
		};
		D7773C7524398364008D4408 /* View */ = {
			isa = PBXGroup;
			children = (
				D7773C762439837B008D4408 /* UITextField+InputView.swift */,
				D73A7DFC2443B18700923F02 /* Doan.swift */,
				D73A7E0224453F7A00923F02 /* ZenTimer.swift */,
				D76324772454C5DF001F1825 /* Stopwatch.swift */,
				D772594D246F5BA200478B50 /* DemoCell.swift */,
				D73340B42467B214002367A3 /* GroupCell.swift */,
				D7BF95862470F12200EF9DC2 /* ImagePicker.swift */,
				D7758AE4247D72F70027266A /* SortGroupsCell.swift */,
				D76DFB16247E202D004C47DD /* membersCell.swift */,
			);
			path = View;
			sourceTree = "<group>";
		};
		D7773C7A2439844B008D4408 /* Controller */ = {
			isa = PBXGroup;
			children = (
				D7DE18D2246FB1CC00E75F8D /* Groups */,
				D763247924553F97001F1825 /* hanInfoVC.swift */,
				D7773C7324383E3F008D4408 /* HanVC.swift */,
				D7CDB071241CA7C100FAFE97 /* InstructionsVC.swift */,
				D7B197AA2316ED0300AAE2B0 /* Settings VC.swift */,
				D73A7E04244540C200923F02 /* TimerViewController .swift */,
				D73C54BD2459F7660071DC22 /* DoanStation.swift */,
				D73C54BF2459F7F40071DC22 /* DoanStationInfoVC.swift */,
				D73C54C12459F8250071DC22 /* InkinPopUpVC.swift */,
				D7937FBA245A762F00460C8E /* LogInViewController.swift */,
				D7937FBC245A764A00460C8E /* HomeViewController.swift */,
				D7937FBE245A8BDD00460C8E /* SignUpViewController.swift */,
				D7C8A669245A953E00DAE2EC /* ViewController.swift */,
				D787F55C245FB22100EF1160 /* ProfileVC.swift */,
				D7A40FC224A05457006C3FEE /* setDoanVC.swift */,
			);
			path = Controller;
			sourceTree = "<group>";
		};
		D77F76452474CA1C0002DE54 /* CircleMenuLib */ = {
			isa = PBXGroup;
			children = (
				D77F76462474CCEE0002DE54 /* CircleMenu.swift */,
				D77F76482474D6900002DE54 /* CircleMenuLoader.swift */,
				D77F764A2474D6B40002DE54 /* CircleMenuButton.swift */,
			);
			path = CircleMenuLib;
			sourceTree = "<group>";
		};
		D78586A4245CAB04003BF816 /* Media */ = {
			isa = PBXGroup;
			children = (
				D78586AA245CAE30003BF816 /* PopUpVid.mp4 */,
			);
			path = Media;
			sourceTree = "<group>";
		};
		D78586B0245D21B0003BF816 /* Services */ = {
			isa = PBXGroup;
			children = (
				D78586B1245D21D3003BF816 /* DataServices.swift */,
				D70ED5C424AFB90900B9BC8F /* OneSignalService.swift */,
			);
			path = Services;
			sourceTree = "<group>";
		};
		D7937FC0245A8E7300460C8E /* Helpers */ = {
			isa = PBXGroup;
			children = (
				D7937FC2245A8ED300460C8E /* Constants.swift */,
				D7937FC1245A8ECF00460C8E /* Utilities.swift */,
			);
			path = Helpers;
			sourceTree = "<group>";
		};
		D7999105231494650041AAD1 = {
			isa = PBXGroup;
			children = (
				D77F76452474CA1C0002DE54 /* CircleMenuLib */,
				D78586B0245D21B0003BF816 /* Services */,
				D7999110231494650041AAD1 /* PopUpZendoTimer */,
				D70A8DC624AD824800BF57F8 /* OneSignalNotificationServiceExtension */,
				D799910F231494650041AAD1 /* Products */,
				1B7CF1CB038D25415E650CC2 /* Pods */,
				0237736CAE59F7476C0D4853 /* Frameworks */,
			);
			sourceTree = "<group>";
		};
		D799910F231494650041AAD1 /* Products */ = {
			isa = PBXGroup;
			children = (
				D799910E231494650041AAD1 /* PopUpZendoTimer.app */,
				D70A8DC524AD824800BF57F8 /* OneSignalNotificationServiceExtension.appex */,
			);
			name = Products;
			sourceTree = "<group>";
		};
		D7999110231494650041AAD1 /* PopUpZendoTimer */ = {
			isa = PBXGroup;
			children = (
				D7586EDE24AE4B4A00127532 /* PopUpZendoTimer.entitlements */,
				D78586A4245CAB04003BF816 /* Media */,
				D7937FC0245A8E7300460C8E /* Helpers */,
				D7CDB073241F271100FAFE97 /* Resources */,
				D70B4433243018A0008A7D2E /* Model */,
				D7773C7524398364008D4408 /* View */,
				D7773C7A2439844B008D4408 /* Controller */,
				D7999111231494650041AAD1 /* AppDelegate.swift */,
				D7999115231494650041AAD1 /* Main.storyboard */,
				D799911A231494660041AAD1 /* LaunchScreen.storyboard */,
				D799911D231494660041AAD1 /* Info.plist */,
				D78586A2245B3A06003BF816 /* GoogleService-Info.plist */,
			);
			path = PopUpZendoTimer;
			sourceTree = "<group>";
		};
		D7CDB073241F271100FAFE97 /* Resources */ = {
			isa = PBXGroup;
			children = (
				D7BA55EB23205A07004E0E19 /* Assets.xcassets */,
				D7CDB078241F279B00FAFE97 /* zen_regular.ttf */,
				D76324732454A7AE001F1825 /* AmaticSC-Regular.ttf */,
				D76324742454A7C2001F1825 /* AmaticSC-Bold.ttf */,
				D70B4428242FF0BB008A7D2E /* Audio */,
				D75AA57224574CC700BDA7F3 /* Color.xcassets */,
			);
			path = Resources;
			sourceTree = "<group>";
		};
		D7DE18D2246FB1CC00E75F8D /* Groups */ = {
			isa = PBXGroup;
			children = (
				D73340B22467B0ED002367A3 /* GroupsListVC.swift */,
				D71A2627246CFFD60061B76B /* CountriesTableViewController.swift */,
				D772594F246F5BBD00478B50 /* TableViewController.swift */,
				D7DE18D3246FB24C00E75F8D /* GroupsCreateVC.swift */,
				D7758AE2247D72B90027266A /* GroupsSortVC.swift */,
				D7F76C4A247DE68100F4D927 /* GroupsEditVC.swift */,
				D76DFB1A247E21D7004C47DD /* GroupMembersVC.swift */,
			);
			path = Groups;
			sourceTree = "<group>";
		};
/* End PBXGroup section */

/* Begin PBXNativeTarget section */
		D70A8DC424AD824800BF57F8 /* OneSignalNotificationServiceExtension */ = {
			isa = PBXNativeTarget;
			buildConfigurationList = D70A8DD024AD824800BF57F8 /* Build configuration list for PBXNativeTarget "OneSignalNotificationServiceExtension" */;
			buildPhases = (
				836BDA8AF6D47A4EFE79418F /* [CP] Check Pods Manifest.lock */,
				D70A8DC124AD824800BF57F8 /* Sources */,
				D70A8DC224AD824800BF57F8 /* Frameworks */,
				D70A8DC324AD824800BF57F8 /* Resources */,
			);
			buildRules = (
			);
			dependencies = (
			);
			name = OneSignalNotificationServiceExtension;
			productName = OneSignalNotificationServiceExtension;
			productReference = D70A8DC524AD824800BF57F8 /* OneSignalNotificationServiceExtension.appex */;
			productType = "com.apple.product-type.app-extension";
		};
		D799910D231494650041AAD1 /* PopUpZendoTimer */ = {
			isa = PBXNativeTarget;
			buildConfigurationList = D7999120231494660041AAD1 /* Build configuration list for PBXNativeTarget "PopUpZendoTimer" */;
			buildPhases = (
				7B39AA59A098E844BF7E0B4B /* [CP] Check Pods Manifest.lock */,
				D799910A231494650041AAD1 /* Sources */,
				D799910B231494650041AAD1 /* Frameworks */,
				D799910C231494650041AAD1 /* Resources */,
				067E48397A7CDE1C186F21B4 /* [CP] Embed Pods Frameworks */,
				D70A8DCD24AD824800BF57F8 /* Embed App Extensions */,
			);
			buildRules = (
			);
			dependencies = (
				D70A8DCB24AD824800BF57F8 /* PBXTargetDependency */,
			);
			name = PopUpZendoTimer;
			productName = PopUpZendoTimer;
			productReference = D799910E231494650041AAD1 /* PopUpZendoTimer.app */;
			productType = "com.apple.product-type.application";
		};
/* End PBXNativeTarget section */

/* Begin PBXProject section */
		D7999106231494650041AAD1 /* Project object */ = {
			isa = PBXProject;
			attributes = {
				DefaultBuildSystemTypeForWorkspace = Original;
				LastSwiftUpdateCheck = 1150;
				LastUpgradeCheck = 1030;
				ORGANIZATIONNAME = "Joseph Hall";
				TargetAttributes = {
					D70A8DC424AD824800BF57F8 = {
						CreatedOnToolsVersion = 11.5;
					};
					D799910D231494650041AAD1 = {
						CreatedOnToolsVersion = 10.3;
					};
				};
			};
			buildConfigurationList = D7999109231494650041AAD1 /* Build configuration list for PBXProject "PopUpZendoTimer" */;
			compatibilityVersion = "Xcode 9.3";
			developmentRegion = en;
			hasScannedForEncodings = 0;
			knownRegions = (
				en,
				Base,
			);
			mainGroup = D7999105231494650041AAD1;
			productRefGroup = D799910F231494650041AAD1 /* Products */;
			projectDirPath = "";
			projectRoot = "";
			targets = (
				D799910D231494650041AAD1 /* PopUpZendoTimer */,
				D70A8DC424AD824800BF57F8 /* OneSignalNotificationServiceExtension */,
			);
		};
/* End PBXProject section */

/* Begin PBXResourcesBuildPhase section */
		D70A8DC324AD824800BF57F8 /* Resources */ = {
			isa = PBXResourcesBuildPhase;
			buildActionMask = 2147483647;
			files = (
			);
			runOnlyForDeploymentPostprocessing = 0;
		};
		D799910C231494650041AAD1 /* Resources */ = {
			isa = PBXResourcesBuildPhase;
			buildActionMask = 2147483647;
			files = (
				D76324752454AAA5001F1825 /* AmaticSC-Regular.ttf in Resources */,
				D70ED5C724B52C3400B9BC8F /* medium-kesu-short.aiff in Resources */,
				D73A4C8D244D208500EE407E /* small-bell.aiff in Resources */,
				D7937FB7245A379400460C8E /* inkin-bell.aiff in Resources */,
				D76324762454AAA8001F1825 /* AmaticSC-Bold.ttf in Resources */,
				D73A4C8C244D208500EE407E /* large-kesu.aiff in Resources */,
				D799911C231494660041AAD1 /* LaunchScreen.storyboard in Resources */,
				D75AA57324574CC700BDA7F3 /* Color.xcassets in Resources */,
				D7999117231494650041AAD1 /* Main.storyboard in Resources */,
				D7BA55EC23205A07004E0E19 /* Assets.xcassets in Resources */,
				D78586A3245B3A06003BF816 /* GoogleService-Info.plist in Resources */,
				D78586AB245CAE30003BF816 /* PopUpVid.mp4 in Resources */,
				D7CDB079241F279B00FAFE97 /* zen_regular.ttf in Resources */,
				D7937FB4245A317500460C8E /* stop.aiff in Resources */,
				D76324722453ED23001F1825 /* han-intro.aiff in Resources */,
				D73A4C8E244D208500EE407E /* medium-kesu.aiff in Resources */,
				D7937FB3245A317500460C8E /* rolldown.aiff in Resources */,
				D78D8FEA2452A2E200F410AF /* han.aiff in Resources */,
			);
			runOnlyForDeploymentPostprocessing = 0;
		};
/* End PBXResourcesBuildPhase section */

/* Begin PBXShellScriptBuildPhase section */
		067E48397A7CDE1C186F21B4 /* [CP] Embed Pods Frameworks */ = {
			isa = PBXShellScriptBuildPhase;
			buildActionMask = 2147483647;
			files = (
			);
			inputFileListPaths = (
				"${PODS_ROOT}/Target Support Files/Pods-PopUpZendoTimer/Pods-PopUpZendoTimer-frameworks-${CONFIGURATION}-input-files.xcfilelist",
			);
			name = "[CP] Embed Pods Frameworks";
			outputFileListPaths = (
				"${PODS_ROOT}/Target Support Files/Pods-PopUpZendoTimer/Pods-PopUpZendoTimer-frameworks-${CONFIGURATION}-output-files.xcfilelist",
			);
			runOnlyForDeploymentPostprocessing = 0;
			shellPath = /bin/sh;
			shellScript = "\"${PODS_ROOT}/Target Support Files/Pods-PopUpZendoTimer/Pods-PopUpZendoTimer-frameworks.sh\"\n";
			showEnvVarsInLog = 0;
		};
		7B39AA59A098E844BF7E0B4B /* [CP] Check Pods Manifest.lock */ = {
			isa = PBXShellScriptBuildPhase;
			buildActionMask = 2147483647;
			files = (
			);
			inputFileListPaths = (
			);
			inputPaths = (
				"${PODS_PODFILE_DIR_PATH}/Podfile.lock",
				"${PODS_ROOT}/Manifest.lock",
			);
			name = "[CP] Check Pods Manifest.lock";
			outputFileListPaths = (
			);
			outputPaths = (
				"$(DERIVED_FILE_DIR)/Pods-PopUpZendoTimer-checkManifestLockResult.txt",
			);
			runOnlyForDeploymentPostprocessing = 0;
			shellPath = /bin/sh;
			shellScript = "diff \"${PODS_PODFILE_DIR_PATH}/Podfile.lock\" \"${PODS_ROOT}/Manifest.lock\" > /dev/null\nif [ $? != 0 ] ; then\n    # print error to STDERR\n    echo \"error: The sandbox is not in sync with the Podfile.lock. Run 'pod install' or update your CocoaPods installation.\" >&2\n    exit 1\nfi\n# This output is used by Xcode 'outputs' to avoid re-running this script phase.\necho \"SUCCESS\" > \"${SCRIPT_OUTPUT_FILE_0}\"\n";
			showEnvVarsInLog = 0;
		};
		836BDA8AF6D47A4EFE79418F /* [CP] Check Pods Manifest.lock */ = {
			isa = PBXShellScriptBuildPhase;
			buildActionMask = 2147483647;
			files = (
			);
			inputFileListPaths = (
			);
			inputPaths = (
				"${PODS_PODFILE_DIR_PATH}/Podfile.lock",
				"${PODS_ROOT}/Manifest.lock",
			);
			name = "[CP] Check Pods Manifest.lock";
			outputFileListPaths = (
			);
			outputPaths = (
				"$(DERIVED_FILE_DIR)/Pods-OneSignalNotificationServiceExtension-checkManifestLockResult.txt",
			);
			runOnlyForDeploymentPostprocessing = 0;
			shellPath = /bin/sh;
			shellScript = "diff \"${PODS_PODFILE_DIR_PATH}/Podfile.lock\" \"${PODS_ROOT}/Manifest.lock\" > /dev/null\nif [ $? != 0 ] ; then\n    # print error to STDERR\n    echo \"error: The sandbox is not in sync with the Podfile.lock. Run 'pod install' or update your CocoaPods installation.\" >&2\n    exit 1\nfi\n# This output is used by Xcode 'outputs' to avoid re-running this script phase.\necho \"SUCCESS\" > \"${SCRIPT_OUTPUT_FILE_0}\"\n";
			showEnvVarsInLog = 0;
		};
/* End PBXShellScriptBuildPhase section */

/* Begin PBXSourcesBuildPhase section */
		D70A8DC124AD824800BF57F8 /* Sources */ = {
			isa = PBXSourcesBuildPhase;
			buildActionMask = 2147483647;
			files = (
				D70A8DC824AD824800BF57F8 /* NotificationService.swift in Sources */,
			);
			runOnlyForDeploymentPostprocessing = 0;
		};
		D799910A231494650041AAD1 /* Sources */ = {
			isa = PBXSourcesBuildPhase;
			buildActionMask = 2147483647;
			files = (
				D7758AE3247D72B90027266A /* GroupsSortVC.swift in Sources */,
				D71A2628246CFFD60061B76B /* CountriesTableViewController.swift in Sources */,
				D73C54BE2459F7660071DC22 /* DoanStation.swift in Sources */,
				D7E6835F24804A0100E1FD08 /* FirebaseInterface.swift in Sources */,
				D78586B2245D21D3003BF816 /* DataServices.swift in Sources */,
				D77F76472474CCEE0002DE54 /* CircleMenu.swift in Sources */,
				D7DE18D4246FB24C00E75F8D /* GroupsCreateVC.swift in Sources */,
				D73340B52467B214002367A3 /* GroupCell.swift in Sources */,
				D7937FC4245A8ED300460C8E /* Constants.swift in Sources */,
				D73A4CB2244E25A400EE407E /* Forms.swift in Sources */,
				D76DFB1B247E21D7004C47DD /* GroupMembersVC.swift in Sources */,
				D73C54C22459F8250071DC22 /* InkinPopUpVC.swift in Sources */,
				D78586AD245D1E7C003BF816 /* Bodhi.swift in Sources */,
				D7E6DC402446AC63005433C0 /* LocalNotificationManager.swift in Sources */,
				D70B4435243018BF008A7D2E /* Bells.swift in Sources */,
				D7A40FC324A05457006C3FEE /* setDoanVC.swift in Sources */,
				D77F764B2474D6B40002DE54 /* CircleMenuButton.swift in Sources */,
				D7773C7424383E3F008D4408 /* HanVC.swift in Sources */,
				D70ED5C524AFB90900B9BC8F /* OneSignalService.swift in Sources */,
				D77F76492474D6900002DE54 /* CircleMenuLoader.swift in Sources */,
				D7C8A66A245A953E00DAE2EC /* ViewController.swift in Sources */,
				D73A7E0324453F7B00923F02 /* ZenTimer.swift in Sources */,
				D76324782454C5DF001F1825 /* Stopwatch.swift in Sources */,
				D73A7E05244540C200923F02 /* TimerViewController .swift in Sources */,
				D7937FC3245A8ED300460C8E /* Utilities.swift in Sources */,
				D7CDB072241CA7C100FAFE97 /* InstructionsVC.swift in Sources */,
				D7725950246F5BBD00478B50 /* TableViewController.swift in Sources */,
				D7BF95872470F12200EF9DC2 /* ImagePicker.swift in Sources */,
				D76DFB17247E202D004C47DD /* membersCell.swift in Sources */,
				D7F76C4B247DE68100F4D927 /* GroupsEditVC.swift in Sources */,
				D787F55D245FB22100EF1160 /* ProfileVC.swift in Sources */,
				D73A7DFD2443B18700923F02 /* Doan.swift in Sources */,
				D78586AF245D1E8F003BF816 /* Group.swift in Sources */,
				D73A4C90244D278200EE407E /* NotificationDelegate.swift in Sources */,
				D73C54C02459F7F40071DC22 /* DoanStationInfoVC.swift in Sources */,
				D73340B32467B0ED002367A3 /* GroupsListVC.swift in Sources */,
				D763247A24553F97001F1825 /* hanInfoVC.swift in Sources */,
				D7937FBF245A8BDD00460C8E /* SignUpViewController.swift in Sources */,
				D7937FBD245A764A00460C8E /* HomeViewController.swift in Sources */,
				D7E6835D248048A700E1FD08 /* Codable+Toys.swift in Sources */,
				D7773C772439837B008D4408 /* UITextField+InputView.swift in Sources */,
				D772594E246F5BA200478B50 /* DemoCell.swift in Sources */,
				D7B197AB2316ED0300AAE2B0 /* Settings VC.swift in Sources */,
				D7937FBB245A762F00460C8E /* LogInViewController.swift in Sources */,
				D7999112231494650041AAD1 /* AppDelegate.swift in Sources */,
				D7758AE5247D72F70027266A /* SortGroupsCell.swift in Sources */,
			);
			runOnlyForDeploymentPostprocessing = 0;
		};
/* End PBXSourcesBuildPhase section */

/* Begin PBXTargetDependency section */
		D70A8DCB24AD824800BF57F8 /* PBXTargetDependency */ = {
			isa = PBXTargetDependency;
			target = D70A8DC424AD824800BF57F8 /* OneSignalNotificationServiceExtension */;
			targetProxy = D70A8DCA24AD824800BF57F8 /* PBXContainerItemProxy */;
		};
/* End PBXTargetDependency section */

/* Begin PBXVariantGroup section */
		D7999115231494650041AAD1 /* Main.storyboard */ = {
			isa = PBXVariantGroup;
			children = (
				D7999116231494650041AAD1 /* Base */,
			);
			name = Main.storyboard;
			sourceTree = "<group>";
		};
		D799911A231494660041AAD1 /* LaunchScreen.storyboard */ = {
			isa = PBXVariantGroup;
			children = (
				D799911B231494660041AAD1 /* Base */,
			);
			name = LaunchScreen.storyboard;
			sourceTree = "<group>";
		};
/* End PBXVariantGroup section */

/* Begin XCBuildConfiguration section */
		D70A8DCE24AD824800BF57F8 /* Debug */ = {
			isa = XCBuildConfiguration;
			baseConfigurationReference = 6A2F1B373879048D8D09E8A7 /* Pods-OneSignalNotificationServiceExtension.debug.xcconfig */;
			buildSettings = {
				CODE_SIGN_ENTITLEMENTS = OneSignalNotificationServiceExtension/OneSignalNotificationServiceExtension.entitlements;
				CODE_SIGN_STYLE = Automatic;
				CURRENT_PROJECT_VERSION = 2;
				DEVELOPMENT_TEAM = 93HG3CWZZK;
				INFOPLIST_FILE = OneSignalNotificationServiceExtension/Info.plist;
				IPHONEOS_DEPLOYMENT_TARGET = 11.0;
				LD_RUNPATH_SEARCH_PATHS = (
					"$(inherited)",
					"@executable_path/Frameworks",
					"@executable_path/../../Frameworks",
				);
				MARKETING_VERSION = 3.1.2;
				PRODUCT_BUNDLE_IDENTIFIER = com.popupzendo.onesignal;
				PRODUCT_NAME = "$(TARGET_NAME)";
				SKIP_INSTALL = YES;
				SWIFT_VERSION = 5.0;
				TARGETED_DEVICE_FAMILY = "1,2";
			};
			name = Debug;
		};
		D70A8DCF24AD824800BF57F8 /* Release */ = {
			isa = XCBuildConfiguration;
			baseConfigurationReference = 3A65003349D13347AC7673F9 /* Pods-OneSignalNotificationServiceExtension.release.xcconfig */;
			buildSettings = {
				CODE_SIGN_ENTITLEMENTS = OneSignalNotificationServiceExtension/OneSignalNotificationServiceExtension.entitlements;
				CODE_SIGN_STYLE = Automatic;
				CURRENT_PROJECT_VERSION = 2;
				DEVELOPMENT_TEAM = 93HG3CWZZK;
				INFOPLIST_FILE = OneSignalNotificationServiceExtension/Info.plist;
				IPHONEOS_DEPLOYMENT_TARGET = 11.0;
				LD_RUNPATH_SEARCH_PATHS = (
					"$(inherited)",
					"@executable_path/Frameworks",
					"@executable_path/../../Frameworks",
				);
				MARKETING_VERSION = 3.1.2;
				PRODUCT_BUNDLE_IDENTIFIER = com.popupzendo.onesignal;
				PRODUCT_NAME = "$(TARGET_NAME)";
				SKIP_INSTALL = YES;
				SWIFT_VERSION = 5.0;
				TARGETED_DEVICE_FAMILY = "1,2";
			};
			name = Release;
		};
		D799911E231494660041AAD1 /* Debug */ = {
			isa = XCBuildConfiguration;
			buildSettings = {
				ALWAYS_SEARCH_USER_PATHS = NO;
				CLANG_ANALYZER_NONNULL = YES;
				CLANG_ANALYZER_NUMBER_OBJECT_CONVERSION = YES_AGGRESSIVE;
				CLANG_CXX_LANGUAGE_STANDARD = "gnu++14";
				CLANG_CXX_LIBRARY = "libc++";
				CLANG_ENABLE_MODULES = YES;
				CLANG_ENABLE_OBJC_ARC = YES;
				CLANG_ENABLE_OBJC_WEAK = YES;
				CLANG_WARN_BLOCK_CAPTURE_AUTORELEASING = YES;
				CLANG_WARN_BOOL_CONVERSION = YES;
				CLANG_WARN_COMMA = YES;
				CLANG_WARN_CONSTANT_CONVERSION = YES;
				CLANG_WARN_DEPRECATED_OBJC_IMPLEMENTATIONS = YES;
				CLANG_WARN_DIRECT_OBJC_ISA_USAGE = YES_ERROR;
				CLANG_WARN_DOCUMENTATION_COMMENTS = YES;
				CLANG_WARN_EMPTY_BODY = YES;
				CLANG_WARN_ENUM_CONVERSION = YES;
				CLANG_WARN_INFINITE_RECURSION = YES;
				CLANG_WARN_INT_CONVERSION = YES;
				CLANG_WARN_NON_LITERAL_NULL_CONVERSION = YES;
				CLANG_WARN_OBJC_IMPLICIT_RETAIN_SELF = YES;
				CLANG_WARN_OBJC_LITERAL_CONVERSION = YES;
				CLANG_WARN_OBJC_ROOT_CLASS = YES_ERROR;
				CLANG_WARN_RANGE_LOOP_ANALYSIS = YES;
				CLANG_WARN_STRICT_PROTOTYPES = YES;
				CLANG_WARN_SUSPICIOUS_MOVE = YES;
				CLANG_WARN_UNGUARDED_AVAILABILITY = YES_AGGRESSIVE;
				CLANG_WARN_UNREACHABLE_CODE = YES;
				CLANG_WARN__DUPLICATE_METHOD_MATCH = YES;
				CODE_SIGN_IDENTITY = "iPhone Developer";
				COPY_PHASE_STRIP = NO;
				DEBUG_INFORMATION_FORMAT = dwarf;
				ENABLE_STRICT_OBJC_MSGSEND = YES;
				ENABLE_TESTABILITY = YES;
				GCC_C_LANGUAGE_STANDARD = gnu11;
				GCC_DYNAMIC_NO_PIC = NO;
				GCC_NO_COMMON_BLOCKS = YES;
				GCC_OPTIMIZATION_LEVEL = 0;
				GCC_PREPROCESSOR_DEFINITIONS = (
					"DEBUG=1",
					"$(inherited)",
				);
				GCC_WARN_64_TO_32_BIT_CONVERSION = YES;
				GCC_WARN_ABOUT_RETURN_TYPE = YES_ERROR;
				GCC_WARN_UNDECLARED_SELECTOR = YES;
				GCC_WARN_UNINITIALIZED_AUTOS = YES_AGGRESSIVE;
				GCC_WARN_UNUSED_FUNCTION = YES;
				GCC_WARN_UNUSED_VARIABLE = YES;
				IPHONEOS_DEPLOYMENT_TARGET = 12.4;
				MTL_ENABLE_DEBUG_INFO = INCLUDE_SOURCE;
				MTL_FAST_MATH = YES;
				ONLY_ACTIVE_ARCH = YES;
				SDKROOT = iphoneos;
				SWIFT_ACTIVE_COMPILATION_CONDITIONS = DEBUG;
				SWIFT_OPTIMIZATION_LEVEL = "-Onone";
			};
			name = Debug;
		};
		D799911F231494660041AAD1 /* Release */ = {
			isa = XCBuildConfiguration;
			buildSettings = {
				ALWAYS_SEARCH_USER_PATHS = NO;
				CLANG_ANALYZER_NONNULL = YES;
				CLANG_ANALYZER_NUMBER_OBJECT_CONVERSION = YES_AGGRESSIVE;
				CLANG_CXX_LANGUAGE_STANDARD = "gnu++14";
				CLANG_CXX_LIBRARY = "libc++";
				CLANG_ENABLE_MODULES = YES;
				CLANG_ENABLE_OBJC_ARC = YES;
				CLANG_ENABLE_OBJC_WEAK = YES;
				CLANG_WARN_BLOCK_CAPTURE_AUTORELEASING = YES;
				CLANG_WARN_BOOL_CONVERSION = YES;
				CLANG_WARN_COMMA = YES;
				CLANG_WARN_CONSTANT_CONVERSION = YES;
				CLANG_WARN_DEPRECATED_OBJC_IMPLEMENTATIONS = YES;
				CLANG_WARN_DIRECT_OBJC_ISA_USAGE = YES_ERROR;
				CLANG_WARN_DOCUMENTATION_COMMENTS = YES;
				CLANG_WARN_EMPTY_BODY = YES;
				CLANG_WARN_ENUM_CONVERSION = YES;
				CLANG_WARN_INFINITE_RECURSION = YES;
				CLANG_WARN_INT_CONVERSION = YES;
				CLANG_WARN_NON_LITERAL_NULL_CONVERSION = YES;
				CLANG_WARN_OBJC_IMPLICIT_RETAIN_SELF = YES;
				CLANG_WARN_OBJC_LITERAL_CONVERSION = YES;
				CLANG_WARN_OBJC_ROOT_CLASS = YES_ERROR;
				CLANG_WARN_RANGE_LOOP_ANALYSIS = YES;
				CLANG_WARN_STRICT_PROTOTYPES = YES;
				CLANG_WARN_SUSPICIOUS_MOVE = YES;
				CLANG_WARN_UNGUARDED_AVAILABILITY = YES_AGGRESSIVE;
				CLANG_WARN_UNREACHABLE_CODE = YES;
				CLANG_WARN__DUPLICATE_METHOD_MATCH = YES;
				CODE_SIGN_IDENTITY = "iPhone Developer";
				COPY_PHASE_STRIP = NO;
				DEBUG_INFORMATION_FORMAT = "dwarf-with-dsym";
				ENABLE_NS_ASSERTIONS = NO;
				ENABLE_STRICT_OBJC_MSGSEND = YES;
				GCC_C_LANGUAGE_STANDARD = gnu11;
				GCC_NO_COMMON_BLOCKS = YES;
				GCC_WARN_64_TO_32_BIT_CONVERSION = YES;
				GCC_WARN_ABOUT_RETURN_TYPE = YES_ERROR;
				GCC_WARN_UNDECLARED_SELECTOR = YES;
				GCC_WARN_UNINITIALIZED_AUTOS = YES_AGGRESSIVE;
				GCC_WARN_UNUSED_FUNCTION = YES;
				GCC_WARN_UNUSED_VARIABLE = YES;
				IPHONEOS_DEPLOYMENT_TARGET = 12.4;
				MTL_ENABLE_DEBUG_INFO = NO;
				MTL_FAST_MATH = YES;
				SDKROOT = iphoneos;
				SWIFT_COMPILATION_MODE = wholemodule;
				SWIFT_OPTIMIZATION_LEVEL = "-O";
				VALIDATE_PRODUCT = YES;
			};
			name = Release;
		};
		D7999121231494660041AAD1 /* Debug */ = {
			isa = XCBuildConfiguration;
			baseConfigurationReference = 2BE8EA00F10447D1C8C880EA /* Pods-PopUpZendoTimer.debug.xcconfig */;
			buildSettings = {
				ALWAYS_EMBED_SWIFT_STANDARD_LIBRARIES = YES;
				ASSETCATALOG_COMPILER_APPICON_NAME = AppIcon;
				CODE_SIGN_ENTITLEMENTS = PopUpZendoTimer/PopUpZendoTimer.entitlements;
				CODE_SIGN_STYLE = Automatic;
				CURRENT_PROJECT_VERSION = 2;
				DEVELOPMENT_TEAM = 93HG3CWZZK;
				INFOPLIST_FILE = PopUpZendoTimer/Info.plist;
				IPHONEOS_DEPLOYMENT_TARGET = 11.0;
				LD_RUNPATH_SEARCH_PATHS = (
					"$(inherited)",
					"@executable_path/Frameworks",
				);
				MARKETING_VERSION = 3.1.2;
				PRODUCT_BUNDLE_IDENTIFIER = com.popupzendo;
				PRODUCT_NAME = "$(TARGET_NAME)";
				SWIFT_VERSION = 5.0;
				TARGETED_DEVICE_FAMILY = "1,2";
			};
			name = Debug;
		};
		D7999122231494660041AAD1 /* Release */ = {
			isa = XCBuildConfiguration;
			baseConfigurationReference = 82C5B80A061F0F3C3F0EA6A4 /* Pods-PopUpZendoTimer.release.xcconfig */;
			buildSettings = {
				ALWAYS_EMBED_SWIFT_STANDARD_LIBRARIES = YES;
				ASSETCATALOG_COMPILER_APPICON_NAME = AppIcon;
				CODE_SIGN_ENTITLEMENTS = PopUpZendoTimer/PopUpZendoTimer.entitlements;
				CODE_SIGN_STYLE = Automatic;
				CURRENT_PROJECT_VERSION = 2;
				DEVELOPMENT_TEAM = 93HG3CWZZK;
				INFOPLIST_FILE = PopUpZendoTimer/Info.plist;
				IPHONEOS_DEPLOYMENT_TARGET = 11.0;
				LD_RUNPATH_SEARCH_PATHS = (
					"$(inherited)",
					"@executable_path/Frameworks",
				);
				MARKETING_VERSION = 3.1.2;
				PRODUCT_BUNDLE_IDENTIFIER = com.popupzendo;
				PRODUCT_NAME = "$(TARGET_NAME)";
				SWIFT_VERSION = 5.0;
				TARGETED_DEVICE_FAMILY = "1,2";
			};
			name = Release;
		};
/* End XCBuildConfiguration section */

/* Begin XCConfigurationList section */
		D70A8DD024AD824800BF57F8 /* Build configuration list for PBXNativeTarget "OneSignalNotificationServiceExtension" */ = {
			isa = XCConfigurationList;
			buildConfigurations = (
				D70A8DCE24AD824800BF57F8 /* Debug */,
				D70A8DCF24AD824800BF57F8 /* Release */,
			);
			defaultConfigurationIsVisible = 0;
			defaultConfigurationName = Release;
		};
		D7999109231494650041AAD1 /* Build configuration list for PBXProject "PopUpZendoTimer" */ = {
			isa = XCConfigurationList;
			buildConfigurations = (
				D799911E231494660041AAD1 /* Debug */,
				D799911F231494660041AAD1 /* Release */,
			);
			defaultConfigurationIsVisible = 0;
			defaultConfigurationName = Release;
		};
		D7999120231494660041AAD1 /* Build configuration list for PBXNativeTarget "PopUpZendoTimer" */ = {
			isa = XCConfigurationList;
			buildConfigurations = (
				D7999121231494660041AAD1 /* Debug */,
				D7999122231494660041AAD1 /* Release */,
			);
			defaultConfigurationIsVisible = 0;
			defaultConfigurationName = Release;
		};
/* End XCConfigurationList section */
	};
	rootObject = D7999106231494650041AAD1 /* Project object */;
}
